
Microsoft Visual Studio Solution File, Format Version 12.00
# Visual Studio 15
VisualStudioVersion = 15.0.28307.102
MinimumVisualStudioVersion = 10.0.40219.1
Project("{FAE04EC0-301F-11D3-BF4B-00C04F79EFBC}") = "functiondi", "functiondi\functiondi.csproj", "{5C678C1C-FBC7-4A62-BD72-ECB036381001}"
EndProject
Global
	GlobalSection(SolutionConfigurationPlatforms) = preSolution
		Debug|Any CPU = Debug|Any CPU
		Release|Any CPU = Release|Any CPU
	EndGlobalSection
	GlobalSection(ProjectConfigurationPlatforms) = postSolution
		{5C678C1C-FBC7-4A62-BD72-ECB036381001}.Debug|Any CPU.ActiveCfg = Debug|Any CPU
		{5C678C1C-FBC7-4A62-BD72-ECB036381001}.Debug|Any CPU.Build.0 = Debug|Any CPU
		{5C678C1C-FBC7-4A62-BD72-ECB036381001}.Release|Any CPU.ActiveCfg = Release|Any CPU
		{5C678C1C-FBC7-4A62-BD72-ECB036381001}.Release|Any CPU.Build.0 = Release|Any CPU
	EndGlobalSection
	GlobalSection(SolutionProperties) = preSolution
		HideSolutionNode = FALSE
	EndGlobalSection
	GlobalSection(ExtensibilityGlobals) = postSolution
		SolutionGuid = {4623CBB1-1CEF-4289-89EE-0208184A2DE2}
	EndGlobalSection
EndGlobal
